{
  "version": 4,
  "terraform_version": "1.8.5",
  "serial": 11,
  "lineage": "1d20ed9e-7172-a5ca-9e63-1f0c4389b711",
  "outputs": {},
  "resources": [
    {
      "mode": "managed",
      "type": "google_container_cluster",
      "name": "primary",
      "provider": "provider[\"registry.terraform.io/hashicorp/google\"]",
      "instances": [
        {
          "schema_version": 2,
          "attributes": {
            "addons_config": [
              {
                "cloudrun_config": [],
                "config_connector_config": [],
                "dns_cache_config": [],
                "gce_persistent_disk_csi_driver_config": [
                  {
                    "enabled": true
                  }
                ],
                "gcp_filestore_csi_driver_config": [],
                "gcs_fuse_csi_driver_config": [],
                "gke_backup_agent_config": [],
                "horizontal_pod_autoscaling": [],
                "http_load_balancing": [],
                "network_policy_config": [
                  {
                    "disabled": true
                  }
                ],
                "stateful_ha_config": []
              }
            ],
            "allow_net_admin": null,
            "authenticator_groups_config": [],
            "binary_authorization": [
              {
                "enabled": false,
                "evaluation_mode": ""
              }
            ],
            "cluster_autoscaling": [
              {
                "auto_provisioning_defaults": [],
                "autoscaling_profile": "BALANCED",
                "enabled": false,
                "resource_limits": []
              }
            ],
            "cluster_ipv4_cidr": "10.124.0.0/14",
            "confidential_nodes": [],
            "cost_management_config": [],
            "database_encryption": [
              {
                "key_name": "",
                "state": "DECRYPTED"
              }
            ],
            "datapath_provider": "",
            "default_max_pods_per_node": 110,
            "default_snat_status": [
              {
                "disabled": false
              }
            ],
            "deletion_protection": true,
            "description": "",
            "dns_config": [],
            "enable_autopilot": false,
            "enable_cilium_clusterwide_network_policy": false,
            "enable_intranode_visibility": false,
            "enable_k8s_beta_apis": [],
            "enable_kubernetes_alpha": false,
            "enable_l4_ilb_subsetting": false,
            "enable_legacy_abac": false,
            "enable_shielded_nodes": true,
            "enable_tpu": false,
            "endpoint": "34.44.129.39",
            "fleet": [],
            "gateway_api_config": [],
            "id": "projects/symmetric-flow-154905/locations/us-central1/clusters/my-gke-cluster",
            "identity_service_config": [],
            "initial_node_count": 1,
            "ip_allocation_policy": [
              {
                "additional_pod_ranges_config": [],
                "cluster_ipv4_cidr_block": "10.124.0.0/14",
                "cluster_secondary_range_name": "gke-my-gke-cluster-pods-ff9f3896",
                "pod_cidr_overprovision_config": [
                  {
                    "disabled": false
                  }
                ],
                "services_ipv4_cidr_block": "34.118.224.0/20",
                "services_secondary_range_name": "",
                "stack_type": "IPV4"
              }
            ],
            "label_fingerprint": "a9dc16a7",
            "location": "us-central1",
            "logging_config": [
              {
                "enable_components": [
                  "SYSTEM_COMPONENTS",
                  "WORKLOADS"
                ]
              }
            ],
            "logging_service": "logging.googleapis.com/kubernetes",
            "maintenance_policy": [],
            "master_auth": [
              {
                "client_certificate": "",
                "client_certificate_config": [
                  {
                    "issue_client_certificate": false
                  }
                ],
                "client_key": "",
                "cluster_ca_certificate": "LS0tLS1CRUdJTiBDRVJUSUZJQ0FURS0tLS0tCk1JSUVMRENDQXBTZ0F3SUJBZ0lRZjFqRm9GSm0vU0NMNU9TQXU3ZjNmekFOQmdrcWhraUc5dzBCQVFzRkFEQXYKTVMwd0t3WURWUVFERXlSaFpXRmlNalZpTlMwMU9EQXpMVFJsTlRNdE9EVmtNaTB6TldNM016bG1ObUZsTVRndwpJQmNOTWpRd05qRTJNREExTmpFM1doZ1BNakExTkRBMk1Ea3dNVFUyTVRkYU1DOHhMVEFyQmdOVkJBTVRKR0ZsCllXSXlOV0kxTFRVNE1ETXROR1UxTXkwNE5XUXlMVE0xWXpjek9XWTJZV1V4T0RDQ0FhSXdEUVlKS29aSWh2Y04KQVFFQkJRQURnZ0dQQURDQ0FZb0NnZ0dCQUxOYkZPM1NoSlRWT096ZldVVDF4c0tEdzZTMm9nOHVpbFFLWWhmUQpMZW1SbDZCZFdiWCt2RUEzS3RnbHRVM2N6Z3NsZFZWRUpta21vbVcydVdvTExVN1NIMnZ3NjRjUVpEaWw2dnNCCkZ0MC9pdStqS1FOOEtaWXR3SFAvSUVRZGVwYnh3RmxwcEZKbmF5TTQxTlg4dWpZQ2htanBFL05KNXdJcGJveEEKbnRlanlvS0s3T3FuTlZFQzNGUWxOTWhnT3FMeGZHeCtJOU9TeUVhalZpK1E3YUxYcDUwckFKKzhLK2s5bm5hWApqa0w4T1N1dEk4c0hINzQwWXYxUWJaVERzUDlxeGRrY05meVRiZjBweTh6QXhrYmx5QW9sVmZBSHRrdGxnU09lClR1OHN6OU1uT1VQSjV3cUgzOG1oVWNUQkhmcEk3ODhVRHVpNEZBLy80MytmRnozTUdaRHhOSVZyeTlVOUoxM0gKekdYQnIySlNUMnQrdk1WdFJld0dVUTZ5RHlhdU9vL0Q4cVJURlJpWnNWVmJOT1lDQWpZdEg5SmNMTE5JL3J5Zgo2UkNBVm5CQnRIb2c2clJ6Q2JZa29FSzlDRWlMVVBodWV2OE5MR0ZZVVN0T3ZYZjByUWxBSmdMeXc1Zis1WWZKCmN5TnRheStEVnEvOU5rMVl3NGxnYTJ0STZ3SURBUUFCbzBJd1FEQU9CZ05WSFE4QkFmOEVCQU1DQWdRd0R3WUQKVlIwVEFRSC9CQVV3QXdFQi96QWRCZ05WSFE0RUZnUVV1L1dKTmpkYU44b1RybTUvcnN0YmJEOGErc013RFFZSgpLb1pJaHZjTkFRRUxCUUFEZ2dHQkFBUjFVdCtnZkRmdE95dmUzYnE1S2ZZTWljTE9oUnRDZHpaUjlsTzBxWTdFCmcydm5rRXErL1FFMXJ5ZFpVK2dESUtKNnMyTnIzZmFPd1lBUU5QM3pJR2pycjZKSFBWK0IraGFRakhpZUtNOVkKM0xMc056UC90UmN6cWFnTlpMN2UvZXk4NENNUCtFMTVsd3B0Rll1Y01Ea0xkMDhUTERRbmRxZFJKdHdTY1F4eQpqaS9ONzgzUjVBM3hBRytvRy84aHp4NVRFUG84SGlpMDY3Zmh3M0w1Q0JyRStydWk0TjNWL21wS0poWHJHWU1zClpuLzJCcHArZTh1SFBGeTY3S0VQSEFsQ3JqR0RtVW1La2puQW5CcHFFY2hsZUhNNjhHMC82UEFoY0RQNXlZSkMKdlE2djlMMmtYdi9hbUNQQ1NiT3ZGS0E3N24wdXF6OTNCTm1pQXRNWFlncTViSEg1Q0dwdXY2cXUxaFF3Y2ZKQQppY0VobHZHWmFrYjhLK0o4QW8xdDhYbVplajUxemtxS2FJZXAyd2ZyaDFpWHpYSFFGc3hzZFVxU1BRMlNaVzRICldLQ3VlbW5MUmNVaDBtUEJUeEluZncrRTVqRHZ6aEM5TEY0N0RBV09ackJ4VFdjTlVxdVdsdUNpc0JRTmcxTlkKR1ZEUExwdThnMGtCcEtzbkFGTmJMdz09Ci0tLS0tRU5EIENFUlRJRklDQVRFLS0tLS0K"
              }
            ],
            "master_authorized_networks_config": [],
            "master_version": "1.29.4-gke.1043002",
            "mesh_certificates": [],
            "min_master_version": null,
            "monitoring_config": [
              {
                "advanced_datapath_observability_config": [
                  {
                    "enable_metrics": false,
                    "enable_relay": false,
                    "relay_mode": "DISABLED"
                  }
                ],
                "enable_components": [
                  "SYSTEM_COMPONENTS"
                ],
                "managed_prometheus": [
                  {
                    "enabled": true
                  }
                ]
              }
            ],
            "monitoring_service": "monitoring.googleapis.com/kubernetes",
            "name": "my-gke-cluster",
            "network": "projects/symmetric-flow-154905/global/networks/default",
            "network_policy": [
              {
                "enabled": false,
                "provider": "PROVIDER_UNSPECIFIED"
              }
            ],
            "networking_mode": "VPC_NATIVE",
            "node_config": [],
            "node_locations": [
              "us-central1-a",
              "us-central1-c",
              "us-central1-f"
            ],
            "node_pool": [],
            "node_pool_auto_config": [],
            "node_pool_defaults": [
              {
                "node_config_defaults": [
                  {
                    "containerd_config": [],
                    "logging_variant": "DEFAULT"
                  }
                ]
              }
            ],
            "node_version": "1.29.4-gke.1043002",
            "notification_config": [
              {
                "pubsub": [
                  {
                    "enabled": false,
                    "filter": [],
                    "topic": ""
                  }
                ]
              }
            ],
            "operation": null,
            "private_cluster_config": [
              {
                "enable_private_endpoint": false,
                "enable_private_nodes": false,
                "master_global_access_config": [
                  {
                    "enabled": false
                  }
                ],
                "master_ipv4_cidr_block": "",
                "peering_name": "",
                "private_endpoint": "10.128.0.21",
                "private_endpoint_subnetwork": "",
                "public_endpoint": "34.44.129.39"
              }
            ],
            "private_ipv6_google_access": "",
            "project": "symmetric-flow-154905",
            "release_channel": [
              {
                "channel": "REGULAR"
              }
            ],
            "remove_default_node_pool": true,
            "resource_labels": {},
            "resource_usage_export_config": [],
            "security_posture_config": [
              {
                "mode": "BASIC",
                "vulnerability_mode": "VULNERABILITY_MODE_UNSPECIFIED"
              }
            ],
            "self_link": "https://container.googleapis.com/v1/projects/symmetric-flow-154905/locations/us-central1/clusters/my-gke-cluster",
            "service_external_ips_config": [
              {
                "enabled": false
              }
            ],
            "services_ipv4_cidr": "34.118.224.0/20",
            "subnetwork": "projects/symmetric-flow-154905/regions/us-central1/subnetworks/default",
            "timeouts": null,
            "tpu_ipv4_cidr_block": "",
            "vertical_pod_autoscaling": [],
            "workload_identity_config": []
          },
          "sensitive_attributes": [
            [
              {
                "type": "get_attr",
                "value": "master_auth"
              },
              {
                "type": "index",
                "value": {
                  "value": 0,
                  "type": "number"
                }
              },
              {
                "type": "get_attr",
                "value": "client_key"
              }
            ]
          ],
          "private": "eyJlMmJmYjczMC1lY2FhLTExZTYtOGY4OC0zNDM2M2JjN2M0YzAiOnsiY3JlYXRlIjoyNDAwMDAwMDAwMDAwLCJkZWxldGUiOjI0MDAwMDAwMDAwMDAsInJlYWQiOjI0MDAwMDAwMDAwMDAsInVwZGF0ZSI6MzYwMDAwMDAwMDAwMH0sInNjaGVtYV92ZXJzaW9uIjoiMiJ9"
        }
      ]
    }
  ],
  "check_results": null
}
