{
  "version": 4,
  "terraform_version": "1.8.5",
  "serial": 13,
  "lineage": "1d20ed9e-7172-a5ca-9e63-1f0c4389b711",
  "outputs": {
    "cluster_name": {
      "value": "my-gke-cluster",
      "type": "string"
    },
    "cluster_region": {
      "value": "us-central1",
      "type": "string"
    },
    "kubeconfig": {
      "value": "34.132.37.131",
      "type": "string"
    }
  },
  "resources": [
    {
      "mode": "managed",
      "type": "google_container_cluster",
      "name": "primary",
      "provider": "provider[\"registry.terraform.io/hashicorp/google\"]",
      "instances": [
        {
          "schema_version": 2,
          "attributes": {
            "addons_config": [
              {
                "cloudrun_config": [],
                "config_connector_config": [],
                "dns_cache_config": [],
                "gce_persistent_disk_csi_driver_config": [
                  {
                    "enabled": true
                  }
                ],
                "gcp_filestore_csi_driver_config": [],
                "gcs_fuse_csi_driver_config": [],
                "gke_backup_agent_config": [],
                "horizontal_pod_autoscaling": [],
                "http_load_balancing": [],
                "network_policy_config": [
                  {
                    "disabled": true
                  }
                ],
                "stateful_ha_config": []
              }
            ],
            "allow_net_admin": null,
            "authenticator_groups_config": [],
            "binary_authorization": [
              {
                "enabled": false,
                "evaluation_mode": ""
              }
            ],
            "cluster_autoscaling": [
              {
                "auto_provisioning_defaults": [],
                "autoscaling_profile": "BALANCED",
                "enabled": false,
                "resource_limits": []
              }
            ],
            "cluster_ipv4_cidr": "10.0.0.0/14",
            "confidential_nodes": [],
            "cost_management_config": [],
            "database_encryption": [
              {
                "key_name": "",
                "state": "DECRYPTED"
              }
            ],
            "datapath_provider": "",
            "default_max_pods_per_node": 110,
            "default_snat_status": [
              {
                "disabled": false
              }
            ],
            "deletion_protection": true,
            "description": "",
            "dns_config": [],
            "enable_autopilot": false,
            "enable_cilium_clusterwide_network_policy": false,
            "enable_intranode_visibility": false,
            "enable_k8s_beta_apis": [],
            "enable_kubernetes_alpha": false,
            "enable_l4_ilb_subsetting": false,
            "enable_legacy_abac": false,
            "enable_shielded_nodes": true,
            "enable_tpu": false,
            "endpoint": "34.132.37.131",
            "fleet": [],
            "gateway_api_config": [],
            "id": "projects/symmetric-flow-154905/locations/us-central1/clusters/my-gke-cluster",
            "identity_service_config": [],
            "initial_node_count": 1,
            "ip_allocation_policy": [
              {
                "additional_pod_ranges_config": [],
                "cluster_ipv4_cidr_block": "10.0.0.0/14",
                "cluster_secondary_range_name": "gke-my-gke-cluster-pods-bc462e74",
                "pod_cidr_overprovision_config": [
                  {
                    "disabled": false
                  }
                ],
                "services_ipv4_cidr_block": "34.118.224.0/20",
                "services_secondary_range_name": "",
                "stack_type": "IPV4"
              }
            ],
            "label_fingerprint": "a9dc16a7",
            "location": "us-central1",
            "logging_config": [
              {
                "enable_components": [
                  "SYSTEM_COMPONENTS",
                  "WORKLOADS"
                ]
              }
            ],
            "logging_service": "logging.googleapis.com/kubernetes",
            "maintenance_policy": [],
            "master_auth": [
              {
                "client_certificate": "",
                "client_certificate_config": [
                  {
                    "issue_client_certificate": false
                  }
                ],
                "client_key": "",
                "cluster_ca_certificate": "LS0tLS1CRUdJTiBDRVJUSUZJQ0FURS0tLS0tCk1JSUVMVENDQXBXZ0F3SUJBZ0lSQUxORjFaNWZ3aUJzY0wvaWZPRTQ3MXN3RFFZSktvWklodmNOQVFFTEJRQXcKTHpFdE1Dc0dBMVVFQXhNa00yWXdPV0ZqWXpNdE0ySmxZaTAwWVdWbUxUZzNPV1F0T1RCallUZzNNak01WkRVMwpNQ0FYRFRJME1EWXhOekEwTURRek1Gb1lEekl3TlRRd05qRXdNRFV3TkRNd1dqQXZNUzB3S3dZRFZRUURFeVF6ClpqQTVZV05qTXkwelltVmlMVFJoWldZdE9EYzVaQzA1TUdOaE9EY3lNemxrTlRjd2dnR2lNQTBHQ1NxR1NJYjMKRFFFQkFRVUFBNElCandBd2dnR0tBb0lCZ1FDZENtVzlWSC9Nd0VoRDY5Ny9vR2FhYWNwRTFqcGx3OFYzbmdiUApNMW9qTldQS3ZOZ1F6Ny8zQ3MvME15cUNicW1UTnBHUlFPMktLVEQxRTJ3Rml0cmw5R205OXdTM3lnU1hSZFk5CnZadzBTQnZSaXNHSTJpZFQzVGd5V0hRRzdWSDhWdWVmN3BPZ2ZBZzkzYXBKTENZazhiT1FZaUZINHdnWlo2SjMKbUJvSXdsZjFNT0V0WU5TbGc4VEJlem4zcVZlV1Mrcnk1QWVnbTJDYlVKNmNZa1JYc0dqWFNQK1lFWm5OTzZteApha0djd3FMYy9GdXZtZW9Hc203QVBNaXVhS0s4TllxYUZ6MzJ4eHRZTjdxSzlhdHplYlpLbzNqMjlGVFJWM1VBCjkrQ2NJQUVheGRLSjBkdlU4M2N2aUhCNkhOQ1pXUzBNSDBLKytIamxZem12Z0ZYVmFiQkI2djcwQ295RUxHNlkKTEIvTXhLUDR5eFhKYTBrRkoxZVFyd0dvdEhqWEttNVFpTkxWM05iWmJNYTVGNTZYU2lvQlVTZFlyYnV1cmZ6ZQpHc080N3pOZ1lVSUxJMmcvZmVKQUs5Y3Bja25GaUZodVU4ZGZTK0ErZzA2ZTI0TWlUTHkrTmRlWU5KdEVENGZNCndFQlhKcHRDVyt6OElIYkJCbXBidjVUcTZ5MENBd0VBQWFOQ01FQXdEZ1lEVlIwUEFRSC9CQVFEQWdJRU1BOEcKQTFVZEV3RUIvd1FGTUFNQkFmOHdIUVlEVlIwT0JCWUVGTlg2SXVDd2lNTWQvWTdVeXZPQWkvaDI5MFk2TUEwRwpDU3FHU0liM0RRRUJDd1VBQTRJQmdRQmlUbzY0RnlzbnRHS2JBRW9ZUUtQZ1M1NnE4eDNUQmxyM2tsTldUbHBBCmJVSWw0bngrN2hremljaUJJaVN4cGUrRklhR0MvU2FkZkJWOXcvNkc0TkNhM0NhQXk3Nk85WXBtZUJSVnJOWUEKby8yRU1kME9VV2llT25zR2ZNamlqZEw5K2RqMExnTHZ4azV5bGdkMlJPdm5tT0JNQ3ZrT2xxbDlyQzBrKzUxdApqNnZwbCtvRVhpMUdDSk9kVDVPWHhUV2p3OFVONTNjd1BZd3JjQWQyK3ZMbGZ4NSszR2JCLzRrWFlBc1J2c2NSCjRnZVNyTGNtZUZjUHl4N09lb2F4VEt6Z1N3SkpReGxYVzY5MHByWHR2OTZhNDAxdWJsU2YzUXplTDY0MENmcy8KcmZqVjZOTXh1S1ViRTVLU2dhMXFLOVJPMmRzRlpwTnJLVmllY2tOdFBaUExwdFFFellTbG1WeWx3bW4ySGcraQpjN0pKblNabUx5dGRKcFVBS0FtdXdyVmY2am5oN1UwNHFQbjJ4OFo2MFRrN210UWN6alJ6bkJSMUpZTDJzeHVyCmgwcHNLak5peVRsL1JBMy9TRk00U2FjRlBHTzVEdGZ1MnFBTm1OVEpCUXlSZkZVM2dVZFkvY2dNQmgwTG1LQjkKamhJSE1PU2pqVVZmeEZwMHQxUVFKY1k9Ci0tLS0tRU5EIENFUlRJRklDQVRFLS0tLS0K"
              }
            ],
            "master_authorized_networks_config": [],
            "master_version": "1.29.4-gke.1043002",
            "mesh_certificates": [],
            "min_master_version": null,
            "monitoring_config": [
              {
                "advanced_datapath_observability_config": [
                  {
                    "enable_metrics": false,
                    "enable_relay": false,
                    "relay_mode": "DISABLED"
                  }
                ],
                "enable_components": [
                  "SYSTEM_COMPONENTS"
                ],
                "managed_prometheus": [
                  {
                    "enabled": true
                  }
                ]
              }
            ],
            "monitoring_service": "monitoring.googleapis.com/kubernetes",
            "name": "my-gke-cluster",
            "network": "projects/symmetric-flow-154905/global/networks/default",
            "network_policy": [
              {
                "enabled": false,
                "provider": "PROVIDER_UNSPECIFIED"
              }
            ],
            "networking_mode": "VPC_NATIVE",
            "node_config": [],
            "node_locations": [
              "us-central1-a",
              "us-central1-b",
              "us-central1-c"
            ],
            "node_pool": [],
            "node_pool_auto_config": [],
            "node_pool_defaults": [
              {
                "node_config_defaults": [
                  {
                    "containerd_config": [],
                    "logging_variant": "DEFAULT"
                  }
                ]
              }
            ],
            "node_version": "1.29.4-gke.1043002",
            "notification_config": [
              {
                "pubsub": [
                  {
                    "enabled": false,
                    "filter": [],
                    "topic": ""
                  }
                ]
              }
            ],
            "operation": null,
            "private_cluster_config": [
              {
                "enable_private_endpoint": false,
                "enable_private_nodes": false,
                "master_global_access_config": [
                  {
                    "enabled": false
                  }
                ],
                "master_ipv4_cidr_block": "",
                "peering_name": "",
                "private_endpoint": "10.128.0.25",
                "private_endpoint_subnetwork": "",
                "public_endpoint": "34.132.37.131"
              }
            ],
            "private_ipv6_google_access": "",
            "project": "symmetric-flow-154905",
            "release_channel": [
              {
                "channel": "REGULAR"
              }
            ],
            "remove_default_node_pool": true,
            "resource_labels": null,
            "resource_usage_export_config": [],
            "security_posture_config": [
              {
                "mode": "BASIC",
                "vulnerability_mode": "VULNERABILITY_MODE_UNSPECIFIED"
              }
            ],
            "self_link": "https://container.googleapis.com/v1/projects/symmetric-flow-154905/locations/us-central1/clusters/my-gke-cluster",
            "service_external_ips_config": [
              {
                "enabled": false
              }
            ],
            "services_ipv4_cidr": "34.118.224.0/20",
            "subnetwork": "projects/symmetric-flow-154905/regions/us-central1/subnetworks/default",
            "timeouts": null,
            "tpu_ipv4_cidr_block": "",
            "vertical_pod_autoscaling": [],
            "workload_identity_config": []
          },
          "sensitive_attributes": [
            [
              {
                "type": "get_attr",
                "value": "master_auth"
              },
              {
                "type": "index",
                "value": {
                  "value": 0,
                  "type": "number"
                }
              },
              {
                "type": "get_attr",
                "value": "client_key"
              }
            ]
          ],
          "private": "eyJlMmJmYjczMC1lY2FhLTExZTYtOGY4OC0zNDM2M2JjN2M0YzAiOnsiY3JlYXRlIjoyNDAwMDAwMDAwMDAwLCJkZWxldGUiOjI0MDAwMDAwMDAwMDAsInJlYWQiOjI0MDAwMDAwMDAwMDAsInVwZGF0ZSI6MzYwMDAwMDAwMDAwMH0sInNjaGVtYV92ZXJzaW9uIjoiMiJ9"
        }
      ]
    }
  ],
  "check_results": null
}
